
Microsoft Visual Studio Solution File, Format Version 12.00
# Visual Studio 15
VisualStudioVersion = 15.0.27130.2003
MinimumVisualStudioVersion = 10.0.40219.1
Project("{FAE04EC0-301F-11D3-BF4B-00C04F79EFBC}") = "Abiturients_App", "Abiturients_App\Abiturients_App.csproj", "{35AE6AE4-432A-47DD-824B-DA1EEA02CB40}"
EndProject
Global
	GlobalSection(SolutionConfigurationPlatforms) = preSolution
		Debug|Any CPU = Debug|Any CPU
		Release|Any CPU = Release|Any CPU
	EndGlobalSection
	GlobalSection(ProjectConfigurationPlatforms) = postSolution
		{35AE6AE4-432A-47DD-824B-DA1EEA02CB40}.Debug|Any CPU.ActiveCfg = Debug|Any CPU
		{35AE6AE4-432A-47DD-824B-DA1EEA02CB40}.Debug|Any CPU.Build.0 = Debug|Any CPU
		{35AE6AE4-432A-47DD-824B-DA1EEA02CB40}.Release|Any CPU.ActiveCfg = Release|Any CPU
		{35AE6AE4-432A-47DD-824B-DA1EEA02CB40}.Release|Any CPU.Build.0 = Release|Any CPU
	EndGlobalSection
	GlobalSection(SolutionProperties) = preSolution
		HideSolutionNode = FALSE
	EndGlobalSection
	GlobalSection(ExtensibilityGlobals) = postSolution
		SolutionGuid = {F2582C3B-EAE5-4C65-A993-4B91935ECD0F}
	EndGlobalSection
EndGlobal
